
Microsoft Visual Studio Solution File, Format Version 12.00
# Visual Studio Version 16
VisualStudioVersion = 16.0.31424.327
MinimumVisualStudioVersion = 10.0.40219.1
Project("{FAE04EC0-301F-11D3-BF4B-00C04F79EFBC}") = "Override and Virtual", "Override and Virtual\Override and Virtual.csproj", "{3DC26836-9B55-472E-A266-BB6D462D2AD5}"
EndProject
Global
	GlobalSection(SolutionConfigurationPlatforms) = preSolution
		Debug|Any CPU = Debug|Any CPU
		Release|Any CPU = Release|Any CPU
	EndGlobalSection
	GlobalSection(ProjectConfigurationPlatforms) = postSolution
		{3DC26836-9B55-472E-A266-BB6D462D2AD5}.Debug|Any CPU.ActiveCfg = Debug|Any CPU
		{3DC26836-9B55-472E-A266-BB6D462D2AD5}.Debug|Any CPU.Build.0 = Debug|Any CPU
		{3DC26836-9B55-472E-A266-BB6D462D2AD5}.Release|Any CPU.ActiveCfg = Release|Any CPU
		{3DC26836-9B55-472E-A266-BB6D462D2AD5}.Release|Any CPU.Build.0 = Release|Any CPU
	EndGlobalSection
	GlobalSection(SolutionProperties) = preSolution
		HideSolutionNode = FALSE
	EndGlobalSection
	GlobalSection(ExtensibilityGlobals) = postSolution
		SolutionGuid = {C081F1DF-A231-44FD-90CC-3F6A78E0259C}
	EndGlobalSection
EndGlobal
